
Microsoft Visual Studio Solution File, Format Version 12.00
# Visual Studio Version 17
VisualStudioVersion = 17.4.33213.308
MinimumVisualStudioVersion = 10.0.40219.1
Project("{FAE04EC0-301F-11D3-BF4B-00C04F79EFBC}") = "TrabajosClasesC", "TrabajosClasesC\TrabajosClasesC.csproj", "{D565741F-1E26-458C-BA90-ED12E88BA829}"
EndProject
Global
	GlobalSection(SolutionConfigurationPlatforms) = preSolution
		Debug|Any CPU = Debug|Any CPU
		Release|Any CPU = Release|Any CPU
	EndGlobalSection
	GlobalSection(ProjectConfigurationPlatforms) = postSolution
		{D565741F-1E26-458C-BA90-ED12E88BA829}.Debug|Any CPU.ActiveCfg = Debug|Any CPU
		{D565741F-1E26-458C-BA90-ED12E88BA829}.Debug|Any CPU.Build.0 = Debug|Any CPU
		{D565741F-1E26-458C-BA90-ED12E88BA829}.Release|Any CPU.ActiveCfg = Release|Any CPU
		{D565741F-1E26-458C-BA90-ED12E88BA829}.Release|Any CPU.Build.0 = Release|Any CPU
	EndGlobalSection
	GlobalSection(SolutionProperties) = preSolution
		HideSolutionNode = FALSE
	EndGlobalSection
	GlobalSection(ExtensibilityGlobals) = postSolution
		SolutionGuid = {B931544C-B44C-4751-A097-5E6674120808}
	EndGlobalSection
EndGlobal
